// !$*UTF8*$!
{
	archiveVersion = 1;
	classes = {
	};
	objectVersion = 77;
	objects = {

/* Begin PBXBuildFile section */
		9AC00AE12D688E1A0032E01C /* FirebaseAnalytics in Frameworks */ = {isa = PBXBuildFile; productRef = 9AC00AE02D688E1A0032E01C /* FirebaseAnalytics */; };
		9AC00AE32D688E1A0032E01C /* FirebaseAnalyticsOnDeviceConversion in Frameworks */ = {isa = PBXBuildFile; productRef = 9AC00AE22D688E1A0032E01C /* FirebaseAnalyticsOnDeviceConversion */; };
		9AC00AE52D688E1A0032E01C /* FirebaseAnalyticsWithoutAdIdSupport in Frameworks */ = {isa = PBXBuildFile; productRef = 9AC00AE42D688E1A0032E01C /* FirebaseAnalyticsWithoutAdIdSupport */; };
		9AC00AE72D688E1A0032E01C /* FirebaseAppCheck in Frameworks */ = {isa = PBXBuildFile; productRef = 9AC00AE62D688E1A0032E01C /* FirebaseAppCheck */; };
		9AC00AE92D688E1A0032E01C /* FirebaseAppDistribution-Beta in Frameworks */ = {isa = PBXBuildFile; productRef = 9AC00AE82D688E1A0032E01C /* FirebaseAppDistribution-Beta */; };
		9ACEBAEE2D760DB100799AEA /* FirebaseAuth in Frameworks */ = {isa = PBXBuildFile; productRef = 9ACEBAED2D760DB100799AEA /* FirebaseAuth */; };
		9ACEBAF02D760DB900799AEA /* FirebaseFirestore in Frameworks */ = {isa = PBXBuildFile; productRef = 9ACEBAEF2D760DB900799AEA /* FirebaseFirestore */; };
		9ACEBAF22D760DFA00799AEA /* FirebaseCore in Frameworks */ = {isa = PBXBuildFile; productRef = 9ACEBAF12D760DFA00799AEA /* FirebaseCore */; };
		9AD5CA592DA656DA001F07BF /* .gitignore in Resources */ = {isa = PBXBuildFile; fileRef = 9AD5CA582DA656D1001F07BF /* .gitignore */; };
/* End PBXBuildFile section */

/* Begin PBXContainerItemProxy section */
		9AC00AC12D6889840032E01C /* PBXContainerItemProxy */ = {
			isa = PBXContainerItemProxy;
			containerPortal = 9AC00AA62D6889820032E01C /* Project object */;
			proxyType = 1;
			remoteGlobalIDString = 9AC00AAD2D6889820032E01C;
			remoteInfo = StepUp;
		};
		9AC00ACB2D6889840032E01C /* PBXContainerItemProxy */ = {
			isa = PBXContainerItemProxy;
			containerPortal = 9AC00AA62D6889820032E01C /* Project object */;
			proxyType = 1;
			remoteGlobalIDString = 9AC00AAD2D6889820032E01C;
			remoteInfo = StepUp;
		};
/* End PBXContainerItemProxy section */

/* Begin PBXFileReference section */
		9AC00AAE2D6889820032E01C /* StepUp.app */ = {isa = PBXFileReference; explicitFileType = wrapper.application; includeInIndex = 0; path = StepUp.app; sourceTree = BUILT_PRODUCTS_DIR; };
		9AC00AC02D6889840032E01C /* StepUpTests.xctest */ = {isa = PBXFileReference; explicitFileType = wrapper.cfbundle; includeInIndex = 0; path = StepUpTests.xctest; sourceTree = BUILT_PRODUCTS_DIR; };
		9AC00ACA2D6889840032E01C /* StepUpUITests.xctest */ = {isa = PBXFileReference; explicitFileType = wrapper.cfbundle; includeInIndex = 0; path = StepUpUITests.xctest; sourceTree = BUILT_PRODUCTS_DIR; };
		9AD5CA582DA656D1001F07BF /* .gitignore */ = {isa = PBXFileReference; lastKnownFileType = text; path = .gitignore; sourceTree = "<group>"; };
/* End PBXFileReference section */

/* Begin PBXFileSystemSynchronizedBuildFileExceptionSet section */
		9AE6BD6E2DA7B7C100DEF117 /* Exceptions for "StepUp" folder in "StepUp" target */ = {
			isa = PBXFileSystemSynchronizedBuildFileExceptionSet;
			membershipExceptions = (
				Info.plist,
			);
			target = 9AC00AAD2D6889820032E01C /* StepUp */;
		};
/* End PBXFileSystemSynchronizedBuildFileExceptionSet section */

/* Begin PBXFileSystemSynchronizedRootGroup section */
		9AC00AB02D6889820032E01C /* StepUp */ = {
			isa = PBXFileSystemSynchronizedRootGroup;
			exceptions = (
				9AE6BD6E2DA7B7C100DEF117 /* Exceptions for "StepUp" folder in "StepUp" target */,
			);
			path = StepUp;
			sourceTree = "<group>";
		};
		9AC00AC32D6889840032E01C /* StepUpTests */ = {
			isa = PBXFileSystemSynchronizedRootGroup;
			path = StepUpTests;
			sourceTree = "<group>";
		};
/* End PBXFileSystemSynchronizedRootGroup section */

/* Begin PBXFrameworksBuildPhase section */
		9AC00AAB2D6889820032E01C /* Frameworks */ = {
			isa = PBXFrameworksBuildPhase;
			buildActionMask = 2147483647;
			files = (
				9AC00AE72D688E1A0032E01C /* FirebaseAppCheck in Frameworks */,
				9ACEBAEE2D760DB100799AEA /* FirebaseAuth in Frameworks */,
				9AC00AE12D688E1A0032E01C /* FirebaseAnalytics in Frameworks */,
				9AC00AE92D688E1A0032E01C /* FirebaseAppDistribution-Beta in Frameworks */,
				9AC00AE52D688E1A0032E01C /* FirebaseAnalyticsWithoutAdIdSupport in Frameworks */,
				9AC00AE32D688E1A0032E01C /* FirebaseAnalyticsOnDeviceConversion in Frameworks */,
				9ACEBAF22D760DFA00799AEA /* FirebaseCore in Frameworks */,
				9ACEBAF02D760DB900799AEA /* FirebaseFirestore in Frameworks */,
			);
			runOnlyForDeploymentPostprocessing = 0;
		};
		9AC00ABD2D6889840032E01C /* Frameworks */ = {
			isa = PBXFrameworksBuildPhase;
			buildActionMask = 2147483647;
			files = (
			);
			runOnlyForDeploymentPostprocessing = 0;
		};
		9AC00AC72D6889840032E01C /* Frameworks */ = {
			isa = PBXFrameworksBuildPhase;
			buildActionMask = 2147483647;
			files = (
			);
			runOnlyForDeploymentPostprocessing = 0;
		};
/* End PBXFrameworksBuildPhase section */

/* Begin PBXGroup section */
		9AC00AA52D6889820032E01C = {
			isa = PBXGroup;
			children = (
				9AD5CA582DA656D1001F07BF /* .gitignore */,
				9AC00AB02D6889820032E01C /* StepUp */,
				9AC00AC32D6889840032E01C /* StepUpTests */,
				9ACEBAEC2D760DB100799AEA /* Frameworks */,
				9AC00AAF2D6889820032E01C /* Products */,
			);
			sourceTree = "<group>";
		};
		9AC00AAF2D6889820032E01C /* Products */ = {
			isa = PBXGroup;
			children = (
				9AC00AAE2D6889820032E01C /* StepUp.app */,
				9AC00AC02D6889840032E01C /* StepUpTests.xctest */,
				9AC00ACA2D6889840032E01C /* StepUpUITests.xctest */,
			);
			name = Products;
			sourceTree = "<group>";
		};
		9ACEBAEC2D760DB100799AEA /* Frameworks */ = {
			isa = PBXGroup;
			children = (
			);
			name = Frameworks;
			sourceTree = "<group>";
		};
/* End PBXGroup section */

/* Begin PBXNativeTarget section */
		9AC00AAD2D6889820032E01C /* StepUp */ = {
			isa = PBXNativeTarget;
			buildConfigurationList = 9AC00AD42D6889840032E01C /* Build configuration list for PBXNativeTarget "StepUp" */;
			buildPhases = (
				9AC00AAA2D6889820032E01C /* Sources */,
				9AC00AAB2D6889820032E01C /* Frameworks */,
				9AC00AAC2D6889820032E01C /* Resources */,
			);
			buildRules = (
			);
			dependencies = (
				9ABF0D9D2DD2920800E4CE7A /* PBXTargetDependency */,
			);
			fileSystemSynchronizedGroups = (
				9AC00AB02D6889820032E01C /* StepUp */,
			);
			name = StepUp;
			packageProductDependencies = (
				9AC00AE02D688E1A0032E01C /* FirebaseAnalytics */,
				9AC00AE22D688E1A0032E01C /* FirebaseAnalyticsOnDeviceConversion */,
				9AC00AE42D688E1A0032E01C /* FirebaseAnalyticsWithoutAdIdSupport */,
				9AC00AE62D688E1A0032E01C /* FirebaseAppCheck */,
				9AC00AE82D688E1A0032E01C /* FirebaseAppDistribution-Beta */,
				9ACEBAED2D760DB100799AEA /* FirebaseAuth */,
				9ACEBAEF2D760DB900799AEA /* FirebaseFirestore */,
				9ACEBAF12D760DFA00799AEA /* FirebaseCore */,
			);
			productName = StepUp;
			productReference = 9AC00AAE2D6889820032E01C /* StepUp.app */;
			productType = "com.apple.product-type.application";
		};
		9AC00ABF2D6889840032E01C /* StepUpTests */ = {
			isa = PBXNativeTarget;
			buildConfigurationList = 9AC00AD72D6889840032E01C /* Build configuration list for PBXNativeTarget "StepUpTests" */;
			buildPhases = (
				9AC00ABC2D6889840032E01C /* Sources */,
				9AC00ABD2D6889840032E01C /* Frameworks */,
				9AC00ABE2D6889840032E01C /* Resources */,
			);
			buildRules = (
			);
			dependencies = (
				9AC00AC22D6889840032E01C /* PBXTargetDependency */,
			);
			fileSystemSynchronizedGroups = (
				9AC00AC32D6889840032E01C /* StepUpTests */,
			);
			name = StepUpTests;
			packageProductDependencies = (
			);
			productName = StepUpTests;
			productReference = 9AC00AC02D6889840032E01C /* StepUpTests.xctest */;
			productType = "com.apple.product-type.bundle.unit-test";
		};
		9AC00AC92D6889840032E01C /* StepUpUITests */ = {
			isa = PBXNativeTarget;
			buildConfigurationList = 9AC00ADA2D6889840032E01C /* Build configuration list for PBXNativeTarget "StepUpUITests" */;
			buildPhases = (
				9AC00AC62D6889840032E01C /* Sources */,
				9AC00AC72D6889840032E01C /* Frameworks */,
				9AC00AC82D6889840032E01C /* Resources */,
			);
			buildRules = (
			);
			dependencies = (
				9AC00ACC2D6889840032E01C /* PBXTargetDependency */,
			);
			name = StepUpUITests;
			packageProductDependencies = (
			);
			productName = StepUpUITests;
			productReference = 9AC00ACA2D6889840032E01C /* StepUpUITests.xctest */;
			productType = "com.apple.product-type.bundle.ui-testing";
		};
/* End PBXNativeTarget section */

/* Begin PBXProject section */
		9AC00AA62D6889820032E01C /* Project object */ = {
			isa = PBXProject;
			attributes = {
				BuildIndependentTargetsInParallel = 1;
				LastSwiftUpdateCheck = 1620;
				LastUpgradeCheck = 1630;
				TargetAttributes = {
					9AC00AAD2D6889820032E01C = {
						CreatedOnToolsVersion = 16.2;
					};
					9AC00ABF2D6889840032E01C = {
						CreatedOnToolsVersion = 16.2;
						TestTargetID = 9AC00AAD2D6889820032E01C;
					};
					9AC00AC92D6889840032E01C = {
						CreatedOnToolsVersion = 16.2;
						TestTargetID = 9AC00AAD2D6889820032E01C;
					};
				};
			};
			buildConfigurationList = 9AC00AA92D6889820032E01C /* Build configuration list for PBXProject "StepUp" */;
			developmentRegion = en;
			hasScannedForEncodings = 0;
			knownRegions = (
				en,
				Base,
				fr,
			);
			mainGroup = 9AC00AA52D6889820032E01C;
			minimizedProjectReferenceProxies = 1;
			packageReferences = (
				9AC00ADF2D688E190032E01C /* XCRemoteSwiftPackageReference "firebase-ios-sdk" */,
				9ABF0D9B2DD2919400E4CE7A /* XCRemoteSwiftPackageReference "SwiftLintPlugins" */,
			);
			preferredProjectObjectVersion = 77;
			productRefGroup = 9AC00AAF2D6889820032E01C /* Products */;
			projectDirPath = "";
			projectRoot = "";
			targets = (
				9AC00AAD2D6889820032E01C /* StepUp */,
				9AC00ABF2D6889840032E01C /* StepUpTests */,
				9AC00AC92D6889840032E01C /* StepUpUITests */,
			);
		};
/* End PBXProject section */

/* Begin PBXResourcesBuildPhase section */
		9AC00AAC2D6889820032E01C /* Resources */ = {
			isa = PBXResourcesBuildPhase;
			buildActionMask = 2147483647;
			files = (
				9AD5CA592DA656DA001F07BF /* .gitignore in Resources */,
			);
			runOnlyForDeploymentPostprocessing = 0;
		};
		9AC00ABE2D6889840032E01C /* Resources */ = {
			isa = PBXResourcesBuildPhase;
			buildActionMask = 2147483647;
			files = (
			);
			runOnlyForDeploymentPostprocessing = 0;
		};
		9AC00AC82D6889840032E01C /* Resources */ = {
			isa = PBXResourcesBuildPhase;
			buildActionMask = 2147483647;
			files = (
			);
			runOnlyForDeploymentPostprocessing = 0;
		};
/* End PBXResourcesBuildPhase section */

/* Begin PBXSourcesBuildPhase section */
		9AC00AAA2D6889820032E01C /* Sources */ = {
			isa = PBXSourcesBuildPhase;
			buildActionMask = 2147483647;
			files = (
			);
			runOnlyForDeploymentPostprocessing = 0;
		};
		9AC00ABC2D6889840032E01C /* Sources */ = {
			isa = PBXSourcesBuildPhase;
			buildActionMask = 2147483647;
			files = (
			);
			runOnlyForDeploymentPostprocessing = 0;
		};
		9AC00AC62D6889840032E01C /* Sources */ = {
			isa = PBXSourcesBuildPhase;
			buildActionMask = 2147483647;
			files = (
			);
			runOnlyForDeploymentPostprocessing = 0;
		};
/* End PBXSourcesBuildPhase section */

/* Begin PBXTargetDependency section */
		9ABF0D9D2DD2920800E4CE7A /* PBXTargetDependency */ = {
			isa = PBXTargetDependency;
			productRef = 9ABF0D9C2DD2920800E4CE7A /* SwiftLintBuildToolPlugin */;
		};
		9AC00AC22D6889840032E01C /* PBXTargetDependency */ = {
			isa = PBXTargetDependency;
			target = 9AC00AAD2D6889820032E01C /* StepUp */;
			targetProxy = 9AC00AC12D6889840032E01C /* PBXContainerItemProxy */;
		};
		9AC00ACC2D6889840032E01C /* PBXTargetDependency */ = {
			isa = PBXTargetDependency;
			target = 9AC00AAD2D6889820032E01C /* StepUp */;
			targetProxy = 9AC00ACB2D6889840032E01C /* PBXContainerItemProxy */;
		};
/* End PBXTargetDependency section */

/* Begin XCBuildConfiguration section */
		9AC00AD22D6889840032E01C /* Debug */ = {
			isa = XCBuildConfiguration;
			buildSettings = {
				ALWAYS_SEARCH_USER_PATHS = NO;
				ASSETCATALOG_COMPILER_GENERATE_SWIFT_ASSET_SYMBOL_EXTENSIONS = YES;
				CLANG_ANALYZER_LOCALIZABILITY_NONLOCALIZED = YES;
				CLANG_ANALYZER_NONNULL = YES;
				CLANG_ANALYZER_NUMBER_OBJECT_CONVERSION = YES_AGGRESSIVE;
				CLANG_CXX_LANGUAGE_STANDARD = "gnu++20";
				CLANG_ENABLE_MODULES = YES;
				CLANG_ENABLE_OBJC_ARC = YES;
				CLANG_ENABLE_OBJC_WEAK = YES;
				CLANG_WARN_BLOCK_CAPTURE_AUTORELEASING = YES;
				CLANG_WARN_BOOL_CONVERSION = YES;
				CLANG_WARN_COMMA = YES;
				CLANG_WARN_CONSTANT_CONVERSION = YES;
				CLANG_WARN_DEPRECATED_OBJC_IMPLEMENTATIONS = YES;
				CLANG_WARN_DIRECT_OBJC_ISA_USAGE = YES_ERROR;
				CLANG_WARN_DOCUMENTATION_COMMENTS = YES;
				CLANG_WARN_EMPTY_BODY = YES;
				CLANG_WARN_ENUM_CONVERSION = YES;
				CLANG_WARN_INFINITE_RECURSION = YES;
				CLANG_WARN_INT_CONVERSION = YES;
				CLANG_WARN_NON_LITERAL_NULL_CONVERSION = YES;
				CLANG_WARN_OBJC_IMPLICIT_RETAIN_SELF = YES;
				CLANG_WARN_OBJC_LITERAL_CONVERSION = YES;
				CLANG_WARN_OBJC_ROOT_CLASS = YES_ERROR;
				CLANG_WARN_QUOTED_INCLUDE_IN_FRAMEWORK_HEADER = YES;
				CLANG_WARN_RANGE_LOOP_ANALYSIS = YES;
				CLANG_WARN_STRICT_PROTOTYPES = YES;
				CLANG_WARN_SUSPICIOUS_MOVE = YES;
				CLANG_WARN_UNGUARDED_AVAILABILITY = YES_AGGRESSIVE;
				CLANG_WARN_UNREACHABLE_CODE = YES;
				CLANG_WARN__DUPLICATE_METHOD_MATCH = YES;
				COPY_PHASE_STRIP = NO;
				DEBUG_INFORMATION_FORMAT = dwarf;
				DEVELOPMENT_TEAM = VNWZ6NJ89U;
				ENABLE_STRICT_OBJC_MSGSEND = YES;
				ENABLE_TESTABILITY = YES;
				ENABLE_USER_SCRIPT_SANDBOXING = YES;
				GCC_C_LANGUAGE_STANDARD = gnu17;
				GCC_DYNAMIC_NO_PIC = NO;
				GCC_NO_COMMON_BLOCKS = YES;
				GCC_OPTIMIZATION_LEVEL = 0;
				GCC_PREPROCESSOR_DEFINITIONS = (
					"DEBUG=1",
					"$(inherited)",
				);
				GCC_WARN_64_TO_32_BIT_CONVERSION = YES;
				GCC_WARN_ABOUT_RETURN_TYPE = YES_ERROR;
				GCC_WARN_UNDECLARED_SELECTOR = YES;
				GCC_WARN_UNINITIALIZED_AUTOS = YES_AGGRESSIVE;
				GCC_WARN_UNUSED_FUNCTION = YES;
				GCC_WARN_UNUSED_VARIABLE = YES;
				IPHONEOS_DEPLOYMENT_TARGET = 18.2;
				LOCALIZATION_PREFERS_STRING_CATALOGS = YES;
				MTL_ENABLE_DEBUG_INFO = INCLUDE_SOURCE;
				MTL_FAST_MATH = YES;
				ONLY_ACTIVE_ARCH = YES;
				SDKROOT = iphoneos;
				SWIFT_ACTIVE_COMPILATION_CONDITIONS = "DEBUG $(inherited)";
				SWIFT_EMIT_LOC_STRINGS = YES;
				SWIFT_OPTIMIZATION_LEVEL = "-Onone";
			};
			name = Debug;
		};
		9AC00AD32D6889840032E01C /* Release */ = {
			isa = XCBuildConfiguration;
			buildSettings = {
				ALWAYS_SEARCH_USER_PATHS = NO;
				ASSETCATALOG_COMPILER_GENERATE_SWIFT_ASSET_SYMBOL_EXTENSIONS = YES;
				CLANG_ANALYZER_LOCALIZABILITY_NONLOCALIZED = YES;
				CLANG_ANALYZER_NONNULL = YES;
				CLANG_ANALYZER_NUMBER_OBJECT_CONVERSION = YES_AGGRESSIVE;
				CLANG_CXX_LANGUAGE_STANDARD = "gnu++20";
				CLANG_ENABLE_MODULES = YES;
				CLANG_ENABLE_OBJC_ARC = YES;
				CLANG_ENABLE_OBJC_WEAK = YES;
				CLANG_WARN_BLOCK_CAPTURE_AUTORELEASING = YES;
				CLANG_WARN_BOOL_CONVERSION = YES;
				CLANG_WARN_COMMA = YES;
				CLANG_WARN_CONSTANT_CONVERSION = YES;
				CLANG_WARN_DEPRECATED_OBJC_IMPLEMENTATIONS = YES;
				CLANG_WARN_DIRECT_OBJC_ISA_USAGE = YES_ERROR;
				CLANG_WARN_DOCUMENTATION_COMMENTS = YES;
				CLANG_WARN_EMPTY_BODY = YES;
				CLANG_WARN_ENUM_CONVERSION = YES;
				CLANG_WARN_INFINITE_RECURSION = YES;
				CLANG_WARN_INT_CONVERSION = YES;
				CLANG_WARN_NON_LITERAL_NULL_CONVERSION = YES;
				CLANG_WARN_OBJC_IMPLICIT_RETAIN_SELF = YES;
				CLANG_WARN_OBJC_LITERAL_CONVERSION = YES;
				CLANG_WARN_OBJC_ROOT_CLASS = YES_ERROR;
				CLANG_WARN_QUOTED_INCLUDE_IN_FRAMEWORK_HEADER = YES;
				CLANG_WARN_RANGE_LOOP_ANALYSIS = YES;
				CLANG_WARN_STRICT_PROTOTYPES = YES;
				CLANG_WARN_SUSPICIOUS_MOVE = YES;
				CLANG_WARN_UNGUARDED_AVAILABILITY = YES_AGGRESSIVE;
				CLANG_WARN_UNREACHABLE_CODE = YES;
				CLANG_WARN__DUPLICATE_METHOD_MATCH = YES;
				COPY_PHASE_STRIP = NO;
				DEBUG_INFORMATION_FORMAT = "dwarf-with-dsym";
				DEVELOPMENT_TEAM = VNWZ6NJ89U;
				ENABLE_NS_ASSERTIONS = NO;
				ENABLE_STRICT_OBJC_MSGSEND = YES;
				ENABLE_USER_SCRIPT_SANDBOXING = YES;
				GCC_C_LANGUAGE_STANDARD = gnu17;
				GCC_NO_COMMON_BLOCKS = YES;
				GCC_WARN_64_TO_32_BIT_CONVERSION = YES;
				GCC_WARN_ABOUT_RETURN_TYPE = YES_ERROR;
				GCC_WARN_UNDECLARED_SELECTOR = YES;
				GCC_WARN_UNINITIALIZED_AUTOS = YES_AGGRESSIVE;
				GCC_WARN_UNUSED_FUNCTION = YES;
				GCC_WARN_UNUSED_VARIABLE = YES;
				IPHONEOS_DEPLOYMENT_TARGET = 18.2;
				LOCALIZATION_PREFERS_STRING_CATALOGS = YES;
				MTL_ENABLE_DEBUG_INFO = NO;
				MTL_FAST_MATH = YES;
				SDKROOT = iphoneos;
				SWIFT_COMPILATION_MODE = wholemodule;
				SWIFT_EMIT_LOC_STRINGS = YES;
				VALIDATE_PRODUCT = YES;
			};
			name = Release;
		};
		9AC00AD52D6889840032E01C /* Debug */ = {
			isa = XCBuildConfiguration;
			buildSettings = {
				ASSETCATALOG_COMPILER_APPICON_NAME = AppIcon;
				ASSETCATALOG_COMPILER_GLOBAL_ACCENT_COLOR_NAME = AccentColor;
				CODE_SIGN_ENTITLEMENTS = StepUp/StepUp.entitlements;
				CODE_SIGN_STYLE = Automatic;
				CURRENT_PROJECT_VERSION = 1;
				DEVELOPMENT_ASSET_PATHS = "\"StepUp/Preview Content\"";
				ENABLE_PREVIEWS = YES;
				GENERATE_INFOPLIST_FILE = YES;
				INFOPLIST_FILE = StepUp/Info.plist;
				INFOPLIST_KEY_CFBundleDisplayName = "Step Up";
				INFOPLIST_KEY_LSApplicationCategoryType = "public.app-category.healthcare-fitness";
				INFOPLIST_KEY_NSHealthShareUsageDescription = "StepUp uses your health data only to get the steps and distance you walked ";
				INFOPLIST_KEY_UIApplicationSceneManifest_Generation = YES;
				INFOPLIST_KEY_UIApplicationSupportsIndirectInputEvents = YES;
				INFOPLIST_KEY_UILaunchScreen_Generation = YES;
				INFOPLIST_KEY_UISupportedInterfaceOrientations_iPad = "UIInterfaceOrientationPortrait UIInterfaceOrientationPortraitUpsideDown UIInterfaceOrientationLandscapeLeft UIInterfaceOrientationLandscapeRight";
				INFOPLIST_KEY_UISupportedInterfaceOrientations_iPhone = "UIInterfaceOrientationPortrait UIInterfaceOrientationLandscapeLeft UIInterfaceOrientationLandscapeRight";
				LD_RUNPATH_SEARCH_PATHS = (
					"$(inherited)",
					"@executable_path/Frameworks",
				);
				MARKETING_VERSION = 1.0;
				PRODUCT_BUNDLE_IDENTIFIER = com.hugoblas.StepUp;
				PRODUCT_NAME = "$(TARGET_NAME)";
				SWIFT_EMIT_LOC_STRINGS = YES;
				SWIFT_VERSION = 5.0;
				TARGETED_DEVICE_FAMILY = "1,2";
			};
			name = Debug;
		};
		9AC00AD62D6889840032E01C /* Release */ = {
			isa = XCBuildConfiguration;
			buildSettings = {
				ASSETCATALOG_COMPILER_APPICON_NAME = AppIcon;
				ASSETCATALOG_COMPILER_GLOBAL_ACCENT_COLOR_NAME = AccentColor;
				CODE_SIGN_ENTITLEMENTS = StepUp/StepUp.entitlements;
				CODE_SIGN_STYLE = Automatic;
				CURRENT_PROJECT_VERSION = 1;
				DEVELOPMENT_ASSET_PATHS = "\"StepUp/Preview Content\"";
				ENABLE_PREVIEWS = YES;
				GENERATE_INFOPLIST_FILE = YES;
				INFOPLIST_FILE = StepUp/Info.plist;
				INFOPLIST_KEY_CFBundleDisplayName = "Step Up";
				INFOPLIST_KEY_LSApplicationCategoryType = "public.app-category.healthcare-fitness";
				INFOPLIST_KEY_NSHealthShareUsageDescription = "StepUp uses your health data only to get the steps and distance you walked ";
				INFOPLIST_KEY_UIApplicationSceneManifest_Generation = YES;
				INFOPLIST_KEY_UIApplicationSupportsIndirectInputEvents = YES;
				INFOPLIST_KEY_UILaunchScreen_Generation = YES;
				INFOPLIST_KEY_UISupportedInterfaceOrientations_iPad = "UIInterfaceOrientationPortrait UIInterfaceOrientationPortraitUpsideDown UIInterfaceOrientationLandscapeLeft UIInterfaceOrientationLandscapeRight";
				INFOPLIST_KEY_UISupportedInterfaceOrientations_iPhone = "UIInterfaceOrientationPortrait UIInterfaceOrientationLandscapeLeft UIInterfaceOrientationLandscapeRight";
				LD_RUNPATH_SEARCH_PATHS = (
					"$(inherited)",
					"@executable_path/Frameworks",
				);
				MARKETING_VERSION = 1.0;
				PRODUCT_BUNDLE_IDENTIFIER = com.hugoblas.StepUp;
				PRODUCT_NAME = "$(TARGET_NAME)";
				SWIFT_EMIT_LOC_STRINGS = YES;
				SWIFT_VERSION = 5.0;
				TARGETED_DEVICE_FAMILY = "1,2";
			};
			name = Release;
		};
		9AC00AD82D6889840032E01C /* Debug */ = {
			isa = XCBuildConfiguration;
			buildSettings = {
				BUNDLE_LOADER = "$(TEST_HOST)";
				CODE_SIGN_STYLE = Automatic;
				CURRENT_PROJECT_VERSION = 1;
				GENERATE_INFOPLIST_FILE = YES;
				IPHONEOS_DEPLOYMENT_TARGET = 18.2;
				MARKETING_VERSION = 1.0;
				PRODUCT_BUNDLE_IDENTIFIER = com.hugoblas.StepUpTests;
				PRODUCT_NAME = "$(TARGET_NAME)";
				SWIFT_EMIT_LOC_STRINGS = NO;
				SWIFT_VERSION = 5.0;
				TARGETED_DEVICE_FAMILY = "1,2";
				TEST_HOST = "$(BUILT_PRODUCTS_DIR)/StepUp.app/$(BUNDLE_EXECUTABLE_FOLDER_PATH)/StepUp";
			};
			name = Debug;
		};
		9AC00AD92D6889840032E01C /* Release */ = {
			isa = XCBuildConfiguration;
			buildSettings = {
				BUNDLE_LOADER = "$(TEST_HOST)";
				CODE_SIGN_STYLE = Automatic;
				CURRENT_PROJECT_VERSION = 1;
				GENERATE_INFOPLIST_FILE = YES;
				IPHONEOS_DEPLOYMENT_TARGET = 18.2;
				MARKETING_VERSION = 1.0;
				PRODUCT_BUNDLE_IDENTIFIER = com.hugoblas.StepUpTests;
				PRODUCT_NAME = "$(TARGET_NAME)";
				SWIFT_EMIT_LOC_STRINGS = NO;
				SWIFT_VERSION = 5.0;
				TARGETED_DEVICE_FAMILY = "1,2";
				TEST_HOST = "$(BUILT_PRODUCTS_DIR)/StepUp.app/$(BUNDLE_EXECUTABLE_FOLDER_PATH)/StepUp";
			};
			name = Release;
		};
		9AC00ADB2D6889840032E01C /* Debug */ = {
			isa = XCBuildConfiguration;
			buildSettings = {
				CODE_SIGN_STYLE = Automatic;
				CURRENT_PROJECT_VERSION = 1;
				GENERATE_INFOPLIST_FILE = YES;
				MARKETING_VERSION = 1.0;
				PRODUCT_BUNDLE_IDENTIFIER = com.hugoblas.StepUpUITests;
				PRODUCT_NAME = "$(TARGET_NAME)";
				SWIFT_EMIT_LOC_STRINGS = NO;
				SWIFT_VERSION = 5.0;
				TARGETED_DEVICE_FAMILY = "1,2";
				TEST_TARGET_NAME = StepUp;
			};
			name = Debug;
		};
		9AC00ADC2D6889840032E01C /* Release */ = {
			isa = XCBuildConfiguration;
			buildSettings = {
				CODE_SIGN_STYLE = Automatic;
				CURRENT_PROJECT_VERSION = 1;
				GENERATE_INFOPLIST_FILE = YES;
				MARKETING_VERSION = 1.0;
				PRODUCT_BUNDLE_IDENTIFIER = com.hugoblas.StepUpUITests;
				PRODUCT_NAME = "$(TARGET_NAME)";
				SWIFT_EMIT_LOC_STRINGS = NO;
				SWIFT_VERSION = 5.0;
				TARGETED_DEVICE_FAMILY = "1,2";
				TEST_TARGET_NAME = StepUp;
			};
			name = Release;
		};
/* End XCBuildConfiguration section */

/* Begin XCConfigurationList section */
		9AC00AA92D6889820032E01C /* Build configuration list for PBXProject "StepUp" */ = {
			isa = XCConfigurationList;
			buildConfigurations = (
				9AC00AD22D6889840032E01C /* Debug */,
				9AC00AD32D6889840032E01C /* Release */,
			);
			defaultConfigurationIsVisible = 0;
			defaultConfigurationName = Release;
		};
		9AC00AD42D6889840032E01C /* Build configuration list for PBXNativeTarget "StepUp" */ = {
			isa = XCConfigurationList;
			buildConfigurations = (
				9AC00AD52D6889840032E01C /* Debug */,
				9AC00AD62D6889840032E01C /* Release */,
			);
			defaultConfigurationIsVisible = 0;
			defaultConfigurationName = Release;
		};
		9AC00AD72D6889840032E01C /* Build configuration list for PBXNativeTarget "StepUpTests" */ = {
			isa = XCConfigurationList;
			buildConfigurations = (
				9AC00AD82D6889840032E01C /* Debug */,
				9AC00AD92D6889840032E01C /* Release */,
			);
			defaultConfigurationIsVisible = 0;
			defaultConfigurationName = Release;
		};
		9AC00ADA2D6889840032E01C /* Build configuration list for PBXNativeTarget "StepUpUITests" */ = {
			isa = XCConfigurationList;
			buildConfigurations = (
				9AC00ADB2D6889840032E01C /* Debug */,
				9AC00ADC2D6889840032E01C /* Release */,
			);
			defaultConfigurationIsVisible = 0;
			defaultConfigurationName = Release;
		};
/* End XCConfigurationList section */

/* Begin XCRemoteSwiftPackageReference section */
		9ABF0D9B2DD2919400E4CE7A /* XCRemoteSwiftPackageReference "SwiftLintPlugins" */ = {
			isa = XCRemoteSwiftPackageReference;
			repositoryURL = "https://github.com/SimplyDanny/SwiftLintPlugins";
			requirement = {
				kind = upToNextMajorVersion;
				minimumVersion = 0.59.1;
			};
		};
		9AC00ADF2D688E190032E01C /* XCRemoteSwiftPackageReference "firebase-ios-sdk" */ = {
			isa = XCRemoteSwiftPackageReference;
			repositoryURL = "https://github.com/firebase/firebase-ios-sdk";
			requirement = {
				kind = upToNextMajorVersion;
				minimumVersion = 11.8.1;
			};
		};
/* End XCRemoteSwiftPackageReference section */

/* Begin XCSwiftPackageProductDependency section */
		9ABF0D9C2DD2920800E4CE7A /* SwiftLintBuildToolPlugin */ = {
			isa = XCSwiftPackageProductDependency;
			package = 9ABF0D9B2DD2919400E4CE7A /* XCRemoteSwiftPackageReference "SwiftLintPlugins" */;
			productName = "plugin:SwiftLintBuildToolPlugin";
		};
		9AC00AE02D688E1A0032E01C /* FirebaseAnalytics */ = {
			isa = XCSwiftPackageProductDependency;
			package = 9AC00ADF2D688E190032E01C /* XCRemoteSwiftPackageReference "firebase-ios-sdk" */;
			productName = FirebaseAnalytics;
		};
		9AC00AE22D688E1A0032E01C /* FirebaseAnalyticsOnDeviceConversion */ = {
			isa = XCSwiftPackageProductDependency;
			package = 9AC00ADF2D688E190032E01C /* XCRemoteSwiftPackageReference "firebase-ios-sdk" */;
			productName = FirebaseAnalyticsOnDeviceConversion;
		};
		9AC00AE42D688E1A0032E01C /* FirebaseAnalyticsWithoutAdIdSupport */ = {
			isa = XCSwiftPackageProductDependency;
			package = 9AC00ADF2D688E190032E01C /* XCRemoteSwiftPackageReference "firebase-ios-sdk" */;
			productName = FirebaseAnalyticsWithoutAdIdSupport;
		};
		9AC00AE62D688E1A0032E01C /* FirebaseAppCheck */ = {
			isa = XCSwiftPackageProductDependency;
			package = 9AC00ADF2D688E190032E01C /* XCRemoteSwiftPackageReference "firebase-ios-sdk" */;
			productName = FirebaseAppCheck;
		};
		9AC00AE82D688E1A0032E01C /* FirebaseAppDistribution-Beta */ = {
			isa = XCSwiftPackageProductDependency;
			package = 9AC00ADF2D688E190032E01C /* XCRemoteSwiftPackageReference "firebase-ios-sdk" */;
			productName = "FirebaseAppDistribution-Beta";
		};
		9ACEBAED2D760DB100799AEA /* FirebaseAuth */ = {
			isa = XCSwiftPackageProductDependency;
			package = 9AC00ADF2D688E190032E01C /* XCRemoteSwiftPackageReference "firebase-ios-sdk" */;
			productName = FirebaseAuth;
		};
		9ACEBAEF2D760DB900799AEA /* FirebaseFirestore */ = {
			isa = XCSwiftPackageProductDependency;
			package = 9AC00ADF2D688E190032E01C /* XCRemoteSwiftPackageReference "firebase-ios-sdk" */;
			productName = FirebaseFirestore;
		};
		9ACEBAF12D760DFA00799AEA /* FirebaseCore */ = {
			isa = XCSwiftPackageProductDependency;
			package = 9AC00ADF2D688E190032E01C /* XCRemoteSwiftPackageReference "firebase-ios-sdk" */;
			productName = FirebaseCore;
		};
/* End XCSwiftPackageProductDependency section */
	};
	rootObject = 9AC00AA62D6889820032E01C /* Project object */;
}
